
Microsoft Visual Studio Solution File, Format Version 12.00
# Visual Studio 14
VisualStudioVersion = 14.0.25123.0
MinimumVisualStudioVersion = 10.0.40219.1
Project("{FAE04EC0-301F-11D3-BF4B-00C04F79EFBC}") = "firstAssignment", "firstAssignment\firstAssignment.csproj", "{2A0E4CB2-B8F2-42BB-B07C-6FCD9D675785}"
EndProject
Project("{FAE04EC0-301F-11D3-BF4B-00C04F79EFBC}") = "secondAssignment", "secondAssignment\secondAssignment.csproj", "{F508C1BF-CDA9-40CF-AE13-6A23DB32BC8D}"
EndProject
Project("{FAE04EC0-301F-11D3-BF4B-00C04F79EFBC}") = "thirdAssignment", "thirdAssignment\thirdAssignment.csproj", "{49AFBD75-D1AB-4FA3-A8F6-24EC1E8F56AB}"
EndProject
Global
	GlobalSection(SolutionConfigurationPlatforms) = preSolution
		Debug|Any CPU = Debug|Any CPU
		Release|Any CPU = Release|Any CPU
	EndGlobalSection
	GlobalSection(ProjectConfigurationPlatforms) = postSolution
		{2A0E4CB2-B8F2-42BB-B07C-6FCD9D675785}.Debug|Any CPU.ActiveCfg = Debug|Any CPU
		{2A0E4CB2-B8F2-42BB-B07C-6FCD9D675785}.Debug|Any CPU.Build.0 = Debug|Any CPU
		{2A0E4CB2-B8F2-42BB-B07C-6FCD9D675785}.Release|Any CPU.ActiveCfg = Release|Any CPU
		{2A0E4CB2-B8F2-42BB-B07C-6FCD9D675785}.Release|Any CPU.Build.0 = Release|Any CPU
		{F508C1BF-CDA9-40CF-AE13-6A23DB32BC8D}.Debug|Any CPU.ActiveCfg = Debug|Any CPU
		{F508C1BF-CDA9-40CF-AE13-6A23DB32BC8D}.Debug|Any CPU.Build.0 = Debug|Any CPU
		{F508C1BF-CDA9-40CF-AE13-6A23DB32BC8D}.Release|Any CPU.ActiveCfg = Release|Any CPU
		{F508C1BF-CDA9-40CF-AE13-6A23DB32BC8D}.Release|Any CPU.Build.0 = Release|Any CPU
		{49AFBD75-D1AB-4FA3-A8F6-24EC1E8F56AB}.Debug|Any CPU.ActiveCfg = Debug|Any CPU
		{49AFBD75-D1AB-4FA3-A8F6-24EC1E8F56AB}.Debug|Any CPU.Build.0 = Debug|Any CPU
		{49AFBD75-D1AB-4FA3-A8F6-24EC1E8F56AB}.Release|Any CPU.ActiveCfg = Release|Any CPU
		{49AFBD75-D1AB-4FA3-A8F6-24EC1E8F56AB}.Release|Any CPU.Build.0 = Release|Any CPU
	EndGlobalSection
	GlobalSection(SolutionProperties) = preSolution
		HideSolutionNode = FALSE
	EndGlobalSection
EndGlobal
